
Microsoft Visual Studio Solution File, Format Version 12.00
# Visual Studio 15
VisualStudioVersion = 15.0.27703.2042
MinimumVisualStudioVersion = 10.0.40219.1
Project("{FAE04EC0-301F-11D3-BF4B-00C04F79EFBC}") = "DBSMobile.UWP", "DBSMobile\DBSMobile.UWP\DBSMobile.UWP.csproj", "{786FC1FD-E236-4BF6-A1E9-265A0281172B}"
EndProject
Project("{D954291E-2A0B-460D-934E-DC6B0785DB48}") = "DBSMobile", "DBSMobile\DBSMobile\DBSMobile.shproj", "{C490A4A6-074C-400C-B5D5-86CDE2B6CF55}"
EndProject
Project("{FAE04EC0-301F-11D3-BF4B-00C04F79EFBC}") = "DBSMobile.Android", "DBSMobile\DBSMobile.Android\DBSMobile.Android.csproj", "{41494165-8813-4F8F-A77B-34896EDE8C11}"
EndProject
Global
	GlobalSection(SharedMSBuildProjectFiles) = preSolution
		DBSMobile\DBSMobile\DBSMobile.projitems*{41494165-8813-4f8f-a77b-34896ede8c11}*SharedItemsImports = 4
		DBSMobile\DBSMobile\DBSMobile.projitems*{786fc1fd-e236-4bf6-a1e9-265a0281172b}*SharedItemsImports = 4
		DBSMobile\DBSMobile\DBSMobile.projitems*{c490a4a6-074c-400c-b5d5-86cde2b6cf55}*SharedItemsImports = 13
	EndGlobalSection
	GlobalSection(SolutionConfigurationPlatforms) = preSolution
		Ad-Hoc|Any CPU = Ad-Hoc|Any CPU
		Ad-Hoc|ARM = Ad-Hoc|ARM
		Ad-Hoc|iPhone = Ad-Hoc|iPhone
		Ad-Hoc|iPhoneSimulator = Ad-Hoc|iPhoneSimulator
		Ad-Hoc|x64 = Ad-Hoc|x64
		Ad-Hoc|x86 = Ad-Hoc|x86
		AppStore|Any CPU = AppStore|Any CPU
		AppStore|ARM = AppStore|ARM
		AppStore|iPhone = AppStore|iPhone
		AppStore|iPhoneSimulator = AppStore|iPhoneSimulator
		AppStore|x64 = AppStore|x64
		AppStore|x86 = AppStore|x86
		Debug|Any CPU = Debug|Any CPU
		Debug|ARM = Debug|ARM
		Debug|iPhone = Debug|iPhone
		Debug|iPhoneSimulator = Debug|iPhoneSimulator
		Debug|x64 = Debug|x64
		Debug|x86 = Debug|x86
		Release|Any CPU = Release|Any CPU
		Release|ARM = Release|ARM
		Release|iPhone = Release|iPhone
		Release|iPhoneSimulator = Release|iPhoneSimulator
		Release|x64 = Release|x64
		Release|x86 = Release|x86
	EndGlobalSection
	GlobalSection(ProjectConfigurationPlatforms) = postSolution
		{786FC1FD-E236-4BF6-A1E9-265A0281172B}.Ad-Hoc|Any CPU.ActiveCfg = Release|x86
		{786FC1FD-E236-4BF6-A1E9-265A0281172B}.Ad-Hoc|Any CPU.Build.0 = Release|x86
		{786FC1FD-E236-4BF6-A1E9-265A0281172B}.Ad-Hoc|Any CPU.Deploy.0 = Release|x86
		{786FC1FD-E236-4BF6-A1E9-265A0281172B}.Ad-Hoc|ARM.ActiveCfg = Release|ARM
		{786FC1FD-E236-4BF6-A1E9-265A0281172B}.Ad-Hoc|ARM.Build.0 = Release|ARM
		{786FC1FD-E236-4BF6-A1E9-265A0281172B}.Ad-Hoc|ARM.Deploy.0 = Release|ARM
		{786FC1FD-E236-4BF6-A1E9-265A0281172B}.Ad-Hoc|iPhone.ActiveCfg = Release|x86
		{786FC1FD-E236-4BF6-A1E9-265A0281172B}.Ad-Hoc|iPhone.Build.0 = Release|x86
		{786FC1FD-E236-4BF6-A1E9-265A0281172B}.Ad-Hoc|iPhone.Deploy.0 = Release|x86
		{786FC1FD-E236-4BF6-A1E9-265A0281172B}.Ad-Hoc|iPhoneSimulator.ActiveCfg = Release|x86
		{786FC1FD-E236-4BF6-A1E9-265A0281172B}.Ad-Hoc|iPhoneSimulator.Build.0 = Release|x86
		{786FC1FD-E236-4BF6-A1E9-265A0281172B}.Ad-Hoc|iPhoneSimulator.Deploy.0 = Release|x86
		{786FC1FD-E236-4BF6-A1E9-265A0281172B}.Ad-Hoc|x64.ActiveCfg = Release|x64
		{786FC1FD-E236-4BF6-A1E9-265A0281172B}.Ad-Hoc|x64.Build.0 = Release|x64
		{786FC1FD-E236-4BF6-A1E9-265A0281172B}.Ad-Hoc|x64.Deploy.0 = Release|x64
		{786FC1FD-E236-4BF6-A1E9-265A0281172B}.Ad-Hoc|x86.ActiveCfg = Release|x86
		{786FC1FD-E236-4BF6-A1E9-265A0281172B}.Ad-Hoc|x86.Build.0 = Release|x86
		{786FC1FD-E236-4BF6-A1E9-265A0281172B}.Ad-Hoc|x86.Deploy.0 = Release|x86
		{786FC1FD-E236-4BF6-A1E9-265A0281172B}.AppStore|Any CPU.ActiveCfg = Release|x86
		{786FC1FD-E236-4BF6-A1E9-265A0281172B}.AppStore|Any CPU.Build.0 = Release|x86
		{786FC1FD-E236-4BF6-A1E9-265A0281172B}.AppStore|Any CPU.Deploy.0 = Release|x86
		{786FC1FD-E236-4BF6-A1E9-265A0281172B}.AppStore|ARM.ActiveCfg = Release|ARM
		{786FC1FD-E236-4BF6-A1E9-265A0281172B}.AppStore|ARM.Build.0 = Release|ARM
		{786FC1FD-E236-4BF6-A1E9-265A0281172B}.AppStore|ARM.Deploy.0 = Release|ARM
		{786FC1FD-E236-4BF6-A1E9-265A0281172B}.AppStore|iPhone.ActiveCfg = Release|x86
		{786FC1FD-E236-4BF6-A1E9-265A0281172B}.AppStore|iPhone.Build.0 = Release|x86
		{786FC1FD-E236-4BF6-A1E9-265A0281172B}.AppStore|iPhone.Deploy.0 = Release|x86
		{786FC1FD-E236-4BF6-A1E9-265A0281172B}.AppStore|iPhoneSimulator.ActiveCfg = Release|x86
		{786FC1FD-E236-4BF6-A1E9-265A0281172B}.AppStore|iPhoneSimulator.Build.0 = Release|x86
		{786FC1FD-E236-4BF6-A1E9-265A0281172B}.AppStore|iPhoneSimulator.Deploy.0 = Release|x86
		{786FC1FD-E236-4BF6-A1E9-265A0281172B}.AppStore|x64.ActiveCfg = Release|x64
		{786FC1FD-E236-4BF6-A1E9-265A0281172B}.AppStore|x64.Build.0 = Release|x64
		{786FC1FD-E236-4BF6-A1E9-265A0281172B}.AppStore|x64.Deploy.0 = Release|x64
		{786FC1FD-E236-4BF6-A1E9-265A0281172B}.AppStore|x86.ActiveCfg = Release|x86
		{786FC1FD-E236-4BF6-A1E9-265A0281172B}.AppStore|x86.Build.0 = Release|x86
		{786FC1FD-E236-4BF6-A1E9-265A0281172B}.AppStore|x86.Deploy.0 = Release|x86
		{786FC1FD-E236-4BF6-A1E9-265A0281172B}.Debug|Any CPU.ActiveCfg = Debug|x86
		{786FC1FD-E236-4BF6-A1E9-265A0281172B}.Debug|ARM.ActiveCfg = Debug|ARM
		{786FC1FD-E236-4BF6-A1E9-265A0281172B}.Debug|ARM.Build.0 = Debug|ARM
		{786FC1FD-E236-4BF6-A1E9-265A0281172B}.Debug|ARM.Deploy.0 = Debug|ARM
		{786FC1FD-E236-4BF6-A1E9-265A0281172B}.Debug|iPhone.ActiveCfg = Debug|x86
		{786FC1FD-E236-4BF6-A1E9-265A0281172B}.Debug|iPhoneSimulator.ActiveCfg = Debug|x86
		{786FC1FD-E236-4BF6-A1E9-265A0281172B}.Debug|x64.ActiveCfg = Debug|x64
		{786FC1FD-E236-4BF6-A1E9-265A0281172B}.Debug|x64.Build.0 = Debug|x64
		{786FC1FD-E236-4BF6-A1E9-265A0281172B}.Debug|x64.Deploy.0 = Debug|x64
		{786FC1FD-E236-4BF6-A1E9-265A0281172B}.Debug|x86.ActiveCfg = Debug|x86
		{786FC1FD-E236-4BF6-A1E9-265A0281172B}.Release|Any CPU.ActiveCfg = Release|x86
		{786FC1FD-E236-4BF6-A1E9-265A0281172B}.Release|ARM.ActiveCfg = Release|ARM
		{786FC1FD-E236-4BF6-A1E9-265A0281172B}.Release|ARM.Build.0 = Release|ARM
		{786FC1FD-E236-4BF6-A1E9-265A0281172B}.Release|ARM.Deploy.0 = Release|ARM
		{786FC1FD-E236-4BF6-A1E9-265A0281172B}.Release|iPhone.ActiveCfg = Release|x86
		{786FC1FD-E236-4BF6-A1E9-265A0281172B}.Release|iPhoneSimulator.ActiveCfg = Release|x86
		{786FC1FD-E236-4BF6-A1E9-265A0281172B}.Release|x64.ActiveCfg = Release|x64
		{786FC1FD-E236-4BF6-A1E9-265A0281172B}.Release|x64.Build.0 = Release|x64
		{786FC1FD-E236-4BF6-A1E9-265A0281172B}.Release|x64.Deploy.0 = Release|x64
		{786FC1FD-E236-4BF6-A1E9-265A0281172B}.Release|x86.ActiveCfg = Release|x86
		{786FC1FD-E236-4BF6-A1E9-265A0281172B}.Release|x86.Build.0 = Release|x86
		{786FC1FD-E236-4BF6-A1E9-265A0281172B}.Release|x86.Deploy.0 = Release|x86
		{41494165-8813-4F8F-A77B-34896EDE8C11}.Ad-Hoc|Any CPU.ActiveCfg = Release|Any CPU
		{41494165-8813-4F8F-A77B-34896EDE8C11}.Ad-Hoc|Any CPU.Build.0 = Release|Any CPU
		{41494165-8813-4F8F-A77B-34896EDE8C11}.Ad-Hoc|Any CPU.Deploy.0 = Release|Any CPU
		{41494165-8813-4F8F-A77B-34896EDE8C11}.Ad-Hoc|ARM.ActiveCfg = Release|Any CPU
		{41494165-8813-4F8F-A77B-34896EDE8C11}.Ad-Hoc|ARM.Build.0 = Release|Any CPU
		{41494165-8813-4F8F-A77B-34896EDE8C11}.Ad-Hoc|ARM.Deploy.0 = Release|Any CPU
		{41494165-8813-4F8F-A77B-34896EDE8C11}.Ad-Hoc|iPhone.ActiveCfg = Release|Any CPU
		{41494165-8813-4F8F-A77B-34896EDE8C11}.Ad-Hoc|iPhone.Build.0 = Release|Any CPU
		{41494165-8813-4F8F-A77B-34896EDE8C11}.Ad-Hoc|iPhone.Deploy.0 = Release|Any CPU
		{41494165-8813-4F8F-A77B-34896EDE8C11}.Ad-Hoc|iPhoneSimulator.ActiveCfg = Release|Any CPU
		{41494165-8813-4F8F-A77B-34896EDE8C11}.Ad-Hoc|iPhoneSimulator.Build.0 = Release|Any CPU
		{41494165-8813-4F8F-A77B-34896EDE8C11}.Ad-Hoc|iPhoneSimulator.Deploy.0 = Release|Any CPU
		{41494165-8813-4F8F-A77B-34896EDE8C11}.Ad-Hoc|x64.ActiveCfg = Release|Any CPU
		{41494165-8813-4F8F-A77B-34896EDE8C11}.Ad-Hoc|x64.Build.0 = Release|Any CPU
		{41494165-8813-4F8F-A77B-34896EDE8C11}.Ad-Hoc|x64.Deploy.0 = Release|Any CPU
		{41494165-8813-4F8F-A77B-34896EDE8C11}.Ad-Hoc|x86.ActiveCfg = Release|Any CPU
		{41494165-8813-4F8F-A77B-34896EDE8C11}.Ad-Hoc|x86.Build.0 = Release|Any CPU
		{41494165-8813-4F8F-A77B-34896EDE8C11}.Ad-Hoc|x86.Deploy.0 = Release|Any CPU
		{41494165-8813-4F8F-A77B-34896EDE8C11}.AppStore|Any CPU.ActiveCfg = Release|Any CPU
		{41494165-8813-4F8F-A77B-34896EDE8C11}.AppStore|Any CPU.Build.0 = Release|Any CPU
		{41494165-8813-4F8F-A77B-34896EDE8C11}.AppStore|Any CPU.Deploy.0 = Release|Any CPU
		{41494165-8813-4F8F-A77B-34896EDE8C11}.AppStore|ARM.ActiveCfg = Release|Any CPU
		{41494165-8813-4F8F-A77B-34896EDE8C11}.AppStore|ARM.Build.0 = Release|Any CPU
		{41494165-8813-4F8F-A77B-34896EDE8C11}.AppStore|ARM.Deploy.0 = Release|Any CPU
		{41494165-8813-4F8F-A77B-34896EDE8C11}.AppStore|iPhone.ActiveCfg = Release|Any CPU
		{41494165-8813-4F8F-A77B-34896EDE8C11}.AppStore|iPhone.Build.0 = Release|Any CPU
		{41494165-8813-4F8F-A77B-34896EDE8C11}.AppStore|iPhone.Deploy.0 = Release|Any CPU
		{41494165-8813-4F8F-A77B-34896EDE8C11}.AppStore|iPhoneSimulator.ActiveCfg = Release|Any CPU
		{41494165-8813-4F8F-A77B-34896EDE8C11}.AppStore|iPhoneSimulator.Build.0 = Release|Any CPU
		{41494165-8813-4F8F-A77B-34896EDE8C11}.AppStore|iPhoneSimulator.Deploy.0 = Release|Any CPU
		{41494165-8813-4F8F-A77B-34896EDE8C11}.AppStore|x64.ActiveCfg = Release|Any CPU
		{41494165-8813-4F8F-A77B-34896EDE8C11}.AppStore|x64.Build.0 = Release|Any CPU
		{41494165-8813-4F8F-A77B-34896EDE8C11}.AppStore|x64.Deploy.0 = Release|Any CPU
		{41494165-8813-4F8F-A77B-34896EDE8C11}.AppStore|x86.ActiveCfg = Release|Any CPU
		{41494165-8813-4F8F-A77B-34896EDE8C11}.AppStore|x86.Build.0 = Release|Any CPU
		{41494165-8813-4F8F-A77B-34896EDE8C11}.AppStore|x86.Deploy.0 = Release|Any CPU
		{41494165-8813-4F8F-A77B-34896EDE8C11}.Debug|Any CPU.ActiveCfg = Debug|Any CPU
		{41494165-8813-4F8F-A77B-34896EDE8C11}.Debug|Any CPU.Build.0 = Debug|Any CPU
		{41494165-8813-4F8F-A77B-34896EDE8C11}.Debug|Any CPU.Deploy.0 = Debug|Any CPU
		{41494165-8813-4F8F-A77B-34896EDE8C11}.Debug|ARM.ActiveCfg = Debug|Any CPU
		{41494165-8813-4F8F-A77B-34896EDE8C11}.Debug|ARM.Build.0 = Debug|Any CPU
		{41494165-8813-4F8F-A77B-34896EDE8C11}.Debug|ARM.Deploy.0 = Debug|Any CPU
		{41494165-8813-4F8F-A77B-34896EDE8C11}.Debug|iPhone.ActiveCfg = Debug|Any CPU
		{41494165-8813-4F8F-A77B-34896EDE8C11}.Debug|iPhone.Build.0 = Debug|Any CPU
		{41494165-8813-4F8F-A77B-34896EDE8C11}.Debug|iPhone.Deploy.0 = Debug|Any CPU
		{41494165-8813-4F8F-A77B-34896EDE8C11}.Debug|iPhoneSimulator.ActiveCfg = Debug|Any CPU
		{41494165-8813-4F8F-A77B-34896EDE8C11}.Debug|iPhoneSimulator.Build.0 = Debug|Any CPU
		{41494165-8813-4F8F-A77B-34896EDE8C11}.Debug|iPhoneSimulator.Deploy.0 = Debug|Any CPU
		{41494165-8813-4F8F-A77B-34896EDE8C11}.Debug|x64.ActiveCfg = Debug|Any CPU
		{41494165-8813-4F8F-A77B-34896EDE8C11}.Debug|x64.Build.0 = Debug|Any CPU
		{41494165-8813-4F8F-A77B-34896EDE8C11}.Debug|x64.Deploy.0 = Debug|Any CPU
		{41494165-8813-4F8F-A77B-34896EDE8C11}.Debug|x86.ActiveCfg = Debug|Any CPU
		{41494165-8813-4F8F-A77B-34896EDE8C11}.Debug|x86.Build.0 = Debug|Any CPU
		{41494165-8813-4F8F-A77B-34896EDE8C11}.Debug|x86.Deploy.0 = Debug|Any CPU
		{41494165-8813-4F8F-A77B-34896EDE8C11}.Release|Any CPU.ActiveCfg = Release|Any CPU
		{41494165-8813-4F8F-A77B-34896EDE8C11}.Release|Any CPU.Build.0 = Release|Any CPU
		{41494165-8813-4F8F-A77B-34896EDE8C11}.Release|Any CPU.Deploy.0 = Release|Any CPU
		{41494165-8813-4F8F-A77B-34896EDE8C11}.Release|ARM.ActiveCfg = Release|Any CPU
		{41494165-8813-4F8F-A77B-34896EDE8C11}.Release|ARM.Build.0 = Release|Any CPU
		{41494165-8813-4F8F-A77B-34896EDE8C11}.Release|ARM.Deploy.0 = Release|Any CPU
		{41494165-8813-4F8F-A77B-34896EDE8C11}.Release|iPhone.ActiveCfg = Release|Any CPU
		{41494165-8813-4F8F-A77B-34896EDE8C11}.Release|iPhone.Build.0 = Release|Any CPU
		{41494165-8813-4F8F-A77B-34896EDE8C11}.Release|iPhone.Deploy.0 = Release|Any CPU
		{41494165-8813-4F8F-A77B-34896EDE8C11}.Release|iPhoneSimulator.ActiveCfg = Release|Any CPU
		{41494165-8813-4F8F-A77B-34896EDE8C11}.Release|iPhoneSimulator.Build.0 = Release|Any CPU
		{41494165-8813-4F8F-A77B-34896EDE8C11}.Release|iPhoneSimulator.Deploy.0 = Release|Any CPU
		{41494165-8813-4F8F-A77B-34896EDE8C11}.Release|x64.ActiveCfg = Release|Any CPU
		{41494165-8813-4F8F-A77B-34896EDE8C11}.Release|x64.Build.0 = Release|Any CPU
		{41494165-8813-4F8F-A77B-34896EDE8C11}.Release|x64.Deploy.0 = Release|Any CPU
		{41494165-8813-4F8F-A77B-34896EDE8C11}.Release|x86.ActiveCfg = Release|Any CPU
		{41494165-8813-4F8F-A77B-34896EDE8C11}.Release|x86.Build.0 = Release|Any CPU
		{41494165-8813-4F8F-A77B-34896EDE8C11}.Release|x86.Deploy.0 = Release|Any CPU
	EndGlobalSection
	GlobalSection(SolutionProperties) = preSolution
		HideSolutionNode = FALSE
	EndGlobalSection
	GlobalSection(ExtensibilityGlobals) = postSolution
		SolutionGuid = {39CA9440-DFBD-4F8D-AEE5-B1FD9A85936A}
	EndGlobalSection
EndGlobal
